
Microsoft Visual Studio Solution File, Format Version 12.00
# Visual Studio Version 17
VisualStudioVersion = 17.5.33414.496
MinimumVisualStudioVersion = 10.0.40219.1
Project("{FAE04EC0-301F-11D3-BF4B-00C04F79EFBC}") = "MvcMovie", "MvcMovie.csproj", "{D50802F7-83AE-455A-88FB-D6672E5A3192}"
EndProject
Global
	GlobalSection(SolutionConfigurationPlatforms) = preSolution
		Debug|Any CPU = Debug|Any CPU
		Release|Any CPU = Release|Any CPU
	EndGlobalSection
	GlobalSection(ProjectConfigurationPlatforms) = postSolution
		{D50802F7-83AE-455A-88FB-D6672E5A3192}.Debug|Any CPU.ActiveCfg = Debug|Any CPU
		{D50802F7-83AE-455A-88FB-D6672E5A3192}.Debug|Any CPU.Build.0 = Debug|Any CPU
		{D50802F7-83AE-455A-88FB-D6672E5A3192}.Release|Any CPU.ActiveCfg = Release|Any CPU
		{D50802F7-83AE-455A-88FB-D6672E5A3192}.Release|Any CPU.Build.0 = Release|Any CPU
	EndGlobalSection
	GlobalSection(SolutionProperties) = preSolution
		HideSolutionNode = FALSE
	EndGlobalSection
	GlobalSection(ExtensibilityGlobals) = postSolution
		SolutionGuid = {E71075AE-7FC4-4EA0-8AA8-9B98DE2BECE4}
	EndGlobalSection
EndGlobal
